// !$*UTF8*$!
{
	archiveVersion = 1;
	classes = {
	};
	objectVersion = 56;
	objects = {

/* Begin PBXBuildFile section */
		BB7DCDE92B0C536800D70D3E /* PlanetsApp.swift in Sources */ = {isa = PBXBuildFile; fileRef = BB7DCDE82B0C536800D70D3E /* PlanetsApp.swift */; };
		BB7DCDED2B0C536900D70D3E /* Assets.xcassets in Resources */ = {isa = PBXBuildFile; fileRef = BB7DCDEC2B0C536900D70D3E /* Assets.xcassets */; };
		BB7DCDF02B0C536900D70D3E /* Preview Assets.xcassets in Resources */ = {isa = PBXBuildFile; fileRef = BB7DCDEF2B0C536900D70D3E /* Preview Assets.xcassets */; };
		BB7DCDFE2B0C53DD00D70D3E /* PlanetViewModel.swift in Sources */ = {isa = PBXBuildFile; fileRef = BB7DCDFD2B0C53DD00D70D3E /* PlanetViewModel.swift */; };
		BB7DCE012B0C541400D70D3E /* PlanetResponse.swift in Sources */ = {isa = PBXBuildFile; fileRef = BB7DCDFF2B0C541400D70D3E /* PlanetResponse.swift */; };
		BB7DCE022B0C541400D70D3E /* APIEndpoint.swift in Sources */ = {isa = PBXBuildFile; fileRef = BB7DCE002B0C541400D70D3E /* APIEndpoint.swift */; };
		BB7DCE042B0C542600D70D3E /* NetworkError.swift in Sources */ = {isa = PBXBuildFile; fileRef = BB7DCE032B0C542600D70D3E /* NetworkError.swift */; };
		BB7DCE082B0C543000D70D3E /* String.swift in Sources */ = {isa = PBXBuildFile; fileRef = BB7DCE052B0C543000D70D3E /* String.swift */; };
		BB7DCE092B0C543000D70D3E /* Color.swift in Sources */ = {isa = PBXBuildFile; fileRef = BB7DCE062B0C543000D70D3E /* Color.swift */; };
		BB7DCE0A2B0C543000D70D3E /* Double.swift in Sources */ = {isa = PBXBuildFile; fileRef = BB7DCE072B0C543000D70D3E /* Double.swift */; };
		BB7DCE0C2B0C544F00D70D3E /* ClimateTextModifier.swift in Sources */ = {isa = PBXBuildFile; fileRef = BB7DCE0B2B0C544F00D70D3E /* ClimateTextModifier.swift */; };
		BB7DCE0E2B0C546500D70D3E /* NetworkManager.swift in Sources */ = {isa = PBXBuildFile; fileRef = BB7DCE0D2B0C546500D70D3E /* NetworkManager.swift */; };
		BB7DCE162B0C547200D70D3E /* PlanetListView.swift in Sources */ = {isa = PBXBuildFile; fileRef = BB7DCE0F2B0C547200D70D3E /* PlanetListView.swift */; };
		BB7DCE172B0C547200D70D3E /* PopulationLabel.swift in Sources */ = {isa = PBXBuildFile; fileRef = BB7DCE112B0C547200D70D3E /* PopulationLabel.swift */; };
		BB7DCE182B0C547200D70D3E /* PlanetParameterListView.swift in Sources */ = {isa = PBXBuildFile; fileRef = BB7DCE122B0C547200D70D3E /* PlanetParameterListView.swift */; };
		BB7DCE192B0C547200D70D3E /* IconTextView.swift in Sources */ = {isa = PBXBuildFile; fileRef = BB7DCE132B0C547200D70D3E /* IconTextView.swift */; };
		BB7DCE1A2B0C547200D70D3E /* PlanetListCell.swift in Sources */ = {isa = PBXBuildFile; fileRef = BB7DCE142B0C547200D70D3E /* PlanetListCell.swift */; };
		BB7DCE1B2B0C547200D70D3E /* PlanetClimatesView.swift in Sources */ = {isa = PBXBuildFile; fileRef = BB7DCE152B0C547200D70D3E /* PlanetClimatesView.swift */; };
		BB7DCE1D2B0C567B00D70D3E /* PreviewData.swift in Sources */ = {isa = PBXBuildFile; fileRef = BB7DCE1C2B0C567B00D70D3E /* PreviewData.swift */; };
		BB7DCE252B0C57F100D70D3E /* PlanetsTests.swift in Sources */ = {isa = PBXBuildFile; fileRef = BB7DCE242B0C57F100D70D3E /* PlanetsTests.swift */; };
		BB7DCE2E2B0C580200D70D3E /* FakeNetworkManager.swift in Sources */ = {isa = PBXBuildFile; fileRef = BB7DCE2B2B0C580200D70D3E /* FakeNetworkManager.swift */; };
		BB7DCE2F2B0C580200D70D3E /* PlanetVMTest.swift in Sources */ = {isa = PBXBuildFile; fileRef = BB7DCE2C2B0C580200D70D3E /* PlanetVMTest.swift */; };
		BB7DCE302B0C580200D70D3E /* PlanetResponse.json in Resources */ = {isa = PBXBuildFile; fileRef = BB7DCE2D2B0C580200D70D3E /* PlanetResponse.json */; };
		BB7DCE332B0C5BD200D70D3E /* PlanetDetailView.swift in Sources */ = {isa = PBXBuildFile; fileRef = BB7DCE322B0C5BD200D70D3E /* PlanetDetailView.swift */; };
		BB7DCE352B0C5D5500D70D3E /* LabelValueView.swift in Sources */ = {isa = PBXBuildFile; fileRef = BB7DCE342B0C5D5500D70D3E /* LabelValueView.swift */; };
/* End PBXBuildFile section */

/* Begin PBXContainerItemProxy section */
		BB7DCE262B0C57F100D70D3E /* PBXContainerItemProxy */ = {
			isa = PBXContainerItemProxy;
			containerPortal = BB7DCDDD2B0C536800D70D3E /* Project object */;
			proxyType = 1;
			remoteGlobalIDString = BB7DCDE42B0C536800D70D3E;
			remoteInfo = Planets;
		};
/* End PBXContainerItemProxy section */

/* Begin PBXFileReference section */
		BB7DCDE52B0C536800D70D3E /* Planets.app */ = {isa = PBXFileReference; explicitFileType = wrapper.application; includeInIndex = 0; path = Planets.app; sourceTree = BUILT_PRODUCTS_DIR; };
		BB7DCDE82B0C536800D70D3E /* PlanetsApp.swift */ = {isa = PBXFileReference; lastKnownFileType = sourcecode.swift; path = PlanetsApp.swift; sourceTree = "<group>"; };
		BB7DCDEC2B0C536900D70D3E /* Assets.xcassets */ = {isa = PBXFileReference; lastKnownFileType = folder.assetcatalog; path = Assets.xcassets; sourceTree = "<group>"; };
		BB7DCDEF2B0C536900D70D3E /* Preview Assets.xcassets */ = {isa = PBXFileReference; lastKnownFileType = folder.assetcatalog; path = "Preview Assets.xcassets"; sourceTree = "<group>"; };
		BB7DCDFD2B0C53DD00D70D3E /* PlanetViewModel.swift */ = {isa = PBXFileReference; lastKnownFileType = sourcecode.swift; path = PlanetViewModel.swift; sourceTree = "<group>"; };
		BB7DCDFF2B0C541400D70D3E /* PlanetResponse.swift */ = {isa = PBXFileReference; fileEncoding = 4; lastKnownFileType = sourcecode.swift; path = PlanetResponse.swift; sourceTree = "<group>"; };
		BB7DCE002B0C541400D70D3E /* APIEndpoint.swift */ = {isa = PBXFileReference; fileEncoding = 4; lastKnownFileType = sourcecode.swift; path = APIEndpoint.swift; sourceTree = "<group>"; };
		BB7DCE032B0C542600D70D3E /* NetworkError.swift */ = {isa = PBXFileReference; fileEncoding = 4; lastKnownFileType = sourcecode.swift; path = NetworkError.swift; sourceTree = "<group>"; };
		BB7DCE052B0C543000D70D3E /* String.swift */ = {isa = PBXFileReference; fileEncoding = 4; lastKnownFileType = sourcecode.swift; path = String.swift; sourceTree = "<group>"; };
		BB7DCE062B0C543000D70D3E /* Color.swift */ = {isa = PBXFileReference; fileEncoding = 4; lastKnownFileType = sourcecode.swift; path = Color.swift; sourceTree = "<group>"; };
		BB7DCE072B0C543000D70D3E /* Double.swift */ = {isa = PBXFileReference; fileEncoding = 4; lastKnownFileType = sourcecode.swift; path = Double.swift; sourceTree = "<group>"; };
		BB7DCE0B2B0C544F00D70D3E /* ClimateTextModifier.swift */ = {isa = PBXFileReference; fileEncoding = 4; lastKnownFileType = sourcecode.swift; path = ClimateTextModifier.swift; sourceTree = "<group>"; };
		BB7DCE0D2B0C546500D70D3E /* NetworkManager.swift */ = {isa = PBXFileReference; fileEncoding = 4; lastKnownFileType = sourcecode.swift; path = NetworkManager.swift; sourceTree = "<group>"; };
		BB7DCE0F2B0C547200D70D3E /* PlanetListView.swift */ = {isa = PBXFileReference; fileEncoding = 4; lastKnownFileType = sourcecode.swift; path = PlanetListView.swift; sourceTree = "<group>"; };
		BB7DCE112B0C547200D70D3E /* PopulationLabel.swift */ = {isa = PBXFileReference; fileEncoding = 4; lastKnownFileType = sourcecode.swift; path = PopulationLabel.swift; sourceTree = "<group>"; };
		BB7DCE122B0C547200D70D3E /* PlanetParameterListView.swift */ = {isa = PBXFileReference; fileEncoding = 4; lastKnownFileType = sourcecode.swift; path = PlanetParameterListView.swift; sourceTree = "<group>"; };
		BB7DCE132B0C547200D70D3E /* IconTextView.swift */ = {isa = PBXFileReference; fileEncoding = 4; lastKnownFileType = sourcecode.swift; path = IconTextView.swift; sourceTree = "<group>"; };
		BB7DCE142B0C547200D70D3E /* PlanetListCell.swift */ = {isa = PBXFileReference; fileEncoding = 4; lastKnownFileType = sourcecode.swift; path = PlanetListCell.swift; sourceTree = "<group>"; };
		BB7DCE152B0C547200D70D3E /* PlanetClimatesView.swift */ = {isa = PBXFileReference; fileEncoding = 4; lastKnownFileType = sourcecode.swift; path = PlanetClimatesView.swift; sourceTree = "<group>"; };
		BB7DCE1C2B0C567B00D70D3E /* PreviewData.swift */ = {isa = PBXFileReference; fileEncoding = 4; lastKnownFileType = sourcecode.swift; path = PreviewData.swift; sourceTree = "<group>"; };
		BB7DCE222B0C57F100D70D3E /* PlanetsTests.xctest */ = {isa = PBXFileReference; explicitFileType = wrapper.cfbundle; includeInIndex = 0; path = PlanetsTests.xctest; sourceTree = BUILT_PRODUCTS_DIR; };
		BB7DCE242B0C57F100D70D3E /* PlanetsTests.swift */ = {isa = PBXFileReference; lastKnownFileType = sourcecode.swift; path = PlanetsTests.swift; sourceTree = "<group>"; };
		BB7DCE2B2B0C580200D70D3E /* FakeNetworkManager.swift */ = {isa = PBXFileReference; fileEncoding = 4; lastKnownFileType = sourcecode.swift; path = FakeNetworkManager.swift; sourceTree = "<group>"; };
		BB7DCE2C2B0C580200D70D3E /* PlanetVMTest.swift */ = {isa = PBXFileReference; fileEncoding = 4; lastKnownFileType = sourcecode.swift; path = PlanetVMTest.swift; sourceTree = "<group>"; };
		BB7DCE2D2B0C580200D70D3E /* PlanetResponse.json */ = {isa = PBXFileReference; fileEncoding = 4; lastKnownFileType = text.json; path = PlanetResponse.json; sourceTree = "<group>"; };
		BB7DCE322B0C5BD200D70D3E /* PlanetDetailView.swift */ = {isa = PBXFileReference; lastKnownFileType = sourcecode.swift; path = PlanetDetailView.swift; sourceTree = "<group>"; };
		BB7DCE342B0C5D5500D70D3E /* LabelValueView.swift */ = {isa = PBXFileReference; lastKnownFileType = sourcecode.swift; path = LabelValueView.swift; sourceTree = "<group>"; };
/* End PBXFileReference section */

/* Begin PBXFrameworksBuildPhase section */
		BB7DCDE22B0C536800D70D3E /* Frameworks */ = {
			isa = PBXFrameworksBuildPhase;
			buildActionMask = 2147483647;
			files = (
			);
			runOnlyForDeploymentPostprocessing = 0;
		};
		BB7DCE1F2B0C57F100D70D3E /* Frameworks */ = {
			isa = PBXFrameworksBuildPhase;
			buildActionMask = 2147483647;
			files = (
			);
			runOnlyForDeploymentPostprocessing = 0;
		};
/* End PBXFrameworksBuildPhase section */

/* Begin PBXGroup section */
		BB7DCDDC2B0C536800D70D3E = {
			isa = PBXGroup;
			children = (
				BB7DCDE72B0C536800D70D3E /* Planets */,
				BB7DCE232B0C57F100D70D3E /* PlanetsTests */,
				BB7DCDE62B0C536800D70D3E /* Products */,
			);
			sourceTree = "<group>";
		};
		BB7DCDE62B0C536800D70D3E /* Products */ = {
			isa = PBXGroup;
			children = (
				BB7DCDE52B0C536800D70D3E /* Planets.app */,
				BB7DCE222B0C57F100D70D3E /* PlanetsTests.xctest */,
			);
			name = Products;
			sourceTree = "<group>";
		};
		BB7DCDE72B0C536800D70D3E /* Planets */ = {
			isa = PBXGroup;
			children = (
				BB7DCDFC2B0C53C100D70D3E /* ViewModels */,
				BB7DCDFB2B0C53BA00D70D3E /* Views */,
				BB7DCDFA2B0C53B400D70D3E /* Utilities */,
				BB7DCDF92B0C539A00D70D3E /* Modifiers */,
				BB7DCDF82B0C539600D70D3E /* Models */,
				BB7DCDF72B0C538D00D70D3E /* Extensions */,
				BB7DCDF62B0C538500D70D3E /* Enums */,
				BB7DCDE82B0C536800D70D3E /* PlanetsApp.swift */,
				BB7DCDEC2B0C536900D70D3E /* Assets.xcassets */,
				BB7DCDEE2B0C536900D70D3E /* Preview Content */,
			);
			path = Planets;
			sourceTree = "<group>";
		};
		BB7DCDEE2B0C536900D70D3E /* Preview Content */ = {
			isa = PBXGroup;
			children = (
				BB7DCE1C2B0C567B00D70D3E /* PreviewData.swift */,
				BB7DCDEF2B0C536900D70D3E /* Preview Assets.xcassets */,
			);
			path = "Preview Content";
			sourceTree = "<group>";
		};
		BB7DCDF62B0C538500D70D3E /* Enums */ = {
			isa = PBXGroup;
			children = (
				BB7DCE032B0C542600D70D3E /* NetworkError.swift */,
			);
			path = Enums;
			sourceTree = "<group>";
		};
		BB7DCDF72B0C538D00D70D3E /* Extensions */ = {
			isa = PBXGroup;
			children = (
				BB7DCE062B0C543000D70D3E /* Color.swift */,
				BB7DCE072B0C543000D70D3E /* Double.swift */,
				BB7DCE052B0C543000D70D3E /* String.swift */,
			);
			path = Extensions;
			sourceTree = "<group>";
		};
		BB7DCDF82B0C539600D70D3E /* Models */ = {
			isa = PBXGroup;
			children = (
				BB7DCE002B0C541400D70D3E /* APIEndpoint.swift */,
				BB7DCDFF2B0C541400D70D3E /* PlanetResponse.swift */,
			);
			path = Models;
			sourceTree = "<group>";
		};
		BB7DCDF92B0C539A00D70D3E /* Modifiers */ = {
			isa = PBXGroup;
			children = (
				BB7DCE0B2B0C544F00D70D3E /* ClimateTextModifier.swift */,
			);
			path = Modifiers;
			sourceTree = "<group>";
		};
		BB7DCDFA2B0C53B400D70D3E /* Utilities */ = {
			isa = PBXGroup;
			children = (
				BB7DCE0D2B0C546500D70D3E /* NetworkManager.swift */,
			);
			path = Utilities;
			sourceTree = "<group>";
		};
		BB7DCDFB2B0C53BA00D70D3E /* Views */ = {
			isa = PBXGroup;
			children = (
				BB7DCE312B0C5BB500D70D3E /* PlanetDetailView */,
				BB7DCE102B0C547200D70D3E /* PlanetListCell */,
				BB7DCE0F2B0C547200D70D3E /* PlanetListView.swift */,
			);
			path = Views;
			sourceTree = "<group>";
		};
		BB7DCDFC2B0C53C100D70D3E /* ViewModels */ = {
			isa = PBXGroup;
			children = (
				BB7DCDFD2B0C53DD00D70D3E /* PlanetViewModel.swift */,
			);
			path = ViewModels;
			sourceTree = "<group>";
		};
		BB7DCE102B0C547200D70D3E /* PlanetListCell */ = {
			isa = PBXGroup;
			children = (
				BB7DCE112B0C547200D70D3E /* PopulationLabel.swift */,
				BB7DCE122B0C547200D70D3E /* PlanetParameterListView.swift */,
				BB7DCE132B0C547200D70D3E /* IconTextView.swift */,
				BB7DCE142B0C547200D70D3E /* PlanetListCell.swift */,
				BB7DCE152B0C547200D70D3E /* PlanetClimatesView.swift */,
			);
			path = PlanetListCell;
			sourceTree = "<group>";
		};
		BB7DCE232B0C57F100D70D3E /* PlanetsTests */ = {
			isa = PBXGroup;
			children = (
				BB7DCE2B2B0C580200D70D3E /* FakeNetworkManager.swift */,
				BB7DCE2D2B0C580200D70D3E /* PlanetResponse.json */,
				BB7DCE2C2B0C580200D70D3E /* PlanetVMTest.swift */,
				BB7DCE242B0C57F100D70D3E /* PlanetsTests.swift */,
			);
			path = PlanetsTests;
			sourceTree = "<group>";
		};
		BB7DCE312B0C5BB500D70D3E /* PlanetDetailView */ = {
			isa = PBXGroup;
			children = (
				BB7DCE322B0C5BD200D70D3E /* PlanetDetailView.swift */,
				BB7DCE342B0C5D5500D70D3E /* LabelValueView.swift */,
			);
			path = PlanetDetailView;
			sourceTree = "<group>";
		};
/* End PBXGroup section */

/* Begin PBXNativeTarget section */
		BB7DCDE42B0C536800D70D3E /* Planets */ = {
			isa = PBXNativeTarget;
			buildConfigurationList = BB7DCDF32B0C536900D70D3E /* Build configuration list for PBXNativeTarget "Planets" */;
			buildPhases = (
				BB7DCDE12B0C536800D70D3E /* Sources */,
				BB7DCDE22B0C536800D70D3E /* Frameworks */,
				BB7DCDE32B0C536800D70D3E /* Resources */,
			);
			buildRules = (
			);
			dependencies = (
			);
			name = Planets;
			productName = Planets;
			productReference = BB7DCDE52B0C536800D70D3E /* Planets.app */;
			productType = "com.apple.product-type.application";
		};
		BB7DCE212B0C57F100D70D3E /* PlanetsTests */ = {
			isa = PBXNativeTarget;
			buildConfigurationList = BB7DCE282B0C57F200D70D3E /* Build configuration list for PBXNativeTarget "PlanetsTests" */;
			buildPhases = (
				BB7DCE1E2B0C57F100D70D3E /* Sources */,
				BB7DCE1F2B0C57F100D70D3E /* Frameworks */,
				BB7DCE202B0C57F100D70D3E /* Resources */,
			);
			buildRules = (
			);
			dependencies = (
				BB7DCE272B0C57F100D70D3E /* PBXTargetDependency */,
			);
			name = PlanetsTests;
			productName = PlanetsTests;
			productReference = BB7DCE222B0C57F100D70D3E /* PlanetsTests.xctest */;
			productType = "com.apple.product-type.bundle.unit-test";
		};
/* End PBXNativeTarget section */

/* Begin PBXProject section */
		BB7DCDDD2B0C536800D70D3E /* Project object */ = {
			isa = PBXProject;
			attributes = {
				BuildIndependentTargetsInParallel = 1;
				LastSwiftUpdateCheck = 1500;
				LastUpgradeCheck = 1500;
				TargetAttributes = {
					BB7DCDE42B0C536800D70D3E = {
						CreatedOnToolsVersion = 15.0.1;
					};
					BB7DCE212B0C57F100D70D3E = {
						CreatedOnToolsVersion = 15.0.1;
						TestTargetID = BB7DCDE42B0C536800D70D3E;
					};
				};
			};
			buildConfigurationList = BB7DCDE02B0C536800D70D3E /* Build configuration list for PBXProject "Planets" */;
			compatibilityVersion = "Xcode 14.0";
			developmentRegion = en;
			hasScannedForEncodings = 0;
			knownRegions = (
				en,
				Base,
			);
			mainGroup = BB7DCDDC2B0C536800D70D3E;
			productRefGroup = BB7DCDE62B0C536800D70D3E /* Products */;
			projectDirPath = "";
			projectRoot = "";
			targets = (
				BB7DCDE42B0C536800D70D3E /* Planets */,
				BB7DCE212B0C57F100D70D3E /* PlanetsTests */,
			);
		};
/* End PBXProject section */

/* Begin PBXResourcesBuildPhase section */
		BB7DCDE32B0C536800D70D3E /* Resources */ = {
			isa = PBXResourcesBuildPhase;
			buildActionMask = 2147483647;
			files = (
				BB7DCDF02B0C536900D70D3E /* Preview Assets.xcassets in Resources */,
				BB7DCDED2B0C536900D70D3E /* Assets.xcassets in Resources */,
			);
			runOnlyForDeploymentPostprocessing = 0;
		};
		BB7DCE202B0C57F100D70D3E /* Resources */ = {
			isa = PBXResourcesBuildPhase;
			buildActionMask = 2147483647;
			files = (
				BB7DCE302B0C580200D70D3E /* PlanetResponse.json in Resources */,
			);
			runOnlyForDeploymentPostprocessing = 0;
		};
/* End PBXResourcesBuildPhase section */

/* Begin PBXSourcesBuildPhase section */
		BB7DCDE12B0C536800D70D3E /* Sources */ = {
			isa = PBXSourcesBuildPhase;
			buildActionMask = 2147483647;
			files = (
				BB7DCE192B0C547200D70D3E /* IconTextView.swift in Sources */,
				BB7DCDFE2B0C53DD00D70D3E /* PlanetViewModel.swift in Sources */,
				BB7DCE162B0C547200D70D3E /* PlanetListView.swift in Sources */,
				BB7DCE172B0C547200D70D3E /* PopulationLabel.swift in Sources */,
				BB7DCE182B0C547200D70D3E /* PlanetParameterListView.swift in Sources */,
				BB7DCE012B0C541400D70D3E /* PlanetResponse.swift in Sources */,
				BB7DCE0C2B0C544F00D70D3E /* ClimateTextModifier.swift in Sources */,
				BB7DCE0E2B0C546500D70D3E /* NetworkManager.swift in Sources */,
				BB7DCE042B0C542600D70D3E /* NetworkError.swift in Sources */,
				BB7DCE332B0C5BD200D70D3E /* PlanetDetailView.swift in Sources */,
				BB7DCE352B0C5D5500D70D3E /* LabelValueView.swift in Sources */,
				BB7DCE1B2B0C547200D70D3E /* PlanetClimatesView.swift in Sources */,
				BB7DCE082B0C543000D70D3E /* String.swift in Sources */,
				BB7DCE092B0C543000D70D3E /* Color.swift in Sources */,
				BB7DCDE92B0C536800D70D3E /* PlanetsApp.swift in Sources */,
				BB7DCE1D2B0C567B00D70D3E /* PreviewData.swift in Sources */,
				BB7DCE0A2B0C543000D70D3E /* Double.swift in Sources */,
				BB7DCE022B0C541400D70D3E /* APIEndpoint.swift in Sources */,
				BB7DCE1A2B0C547200D70D3E /* PlanetListCell.swift in Sources */,
			);
			runOnlyForDeploymentPostprocessing = 0;
		};
		BB7DCE1E2B0C57F100D70D3E /* Sources */ = {
			isa = PBXSourcesBuildPhase;
			buildActionMask = 2147483647;
			files = (
				BB7DCE252B0C57F100D70D3E /* PlanetsTests.swift in Sources */,
				BB7DCE2E2B0C580200D70D3E /* FakeNetworkManager.swift in Sources */,
				BB7DCE2F2B0C580200D70D3E /* PlanetVMTest.swift in Sources */,
			);
			runOnlyForDeploymentPostprocessing = 0;
		};
/* End PBXSourcesBuildPhase section */

/* Begin PBXTargetDependency section */
		BB7DCE272B0C57F100D70D3E /* PBXTargetDependency */ = {
			isa = PBXTargetDependency;
			target = BB7DCDE42B0C536800D70D3E /* Planets */;
			targetProxy = BB7DCE262B0C57F100D70D3E /* PBXContainerItemProxy */;
		};
/* End PBXTargetDependency section */

/* Begin XCBuildConfiguration section */
		BB7DCDF12B0C536900D70D3E /* Debug */ = {
			isa = XCBuildConfiguration;
			buildSettings = {
				ALWAYS_SEARCH_USER_PATHS = NO;
				ASSETCATALOG_COMPILER_GENERATE_SWIFT_ASSET_SYMBOL_EXTENSIONS = YES;
				CLANG_ANALYZER_NONNULL = YES;
				CLANG_ANALYZER_NUMBER_OBJECT_CONVERSION = YES_AGGRESSIVE;
				CLANG_CXX_LANGUAGE_STANDARD = "gnu++20";
				CLANG_ENABLE_MODULES = YES;
				CLANG_ENABLE_OBJC_ARC = YES;
				CLANG_ENABLE_OBJC_WEAK = YES;
				CLANG_WARN_BLOCK_CAPTURE_AUTORELEASING = YES;
				CLANG_WARN_BOOL_CONVERSION = YES;
				CLANG_WARN_COMMA = YES;
				CLANG_WARN_CONSTANT_CONVERSION = YES;
				CLANG_WARN_DEPRECATED_OBJC_IMPLEMENTATIONS = YES;
				CLANG_WARN_DIRECT_OBJC_ISA_USAGE = YES_ERROR;
				CLANG_WARN_DOCUMENTATION_COMMENTS = YES;
				CLANG_WARN_EMPTY_BODY = YES;
				CLANG_WARN_ENUM_CONVERSION = YES;
				CLANG_WARN_INFINITE_RECURSION = YES;
				CLANG_WARN_INT_CONVERSION = YES;
				CLANG_WARN_NON_LITERAL_NULL_CONVERSION = YES;
				CLANG_WARN_OBJC_IMPLICIT_RETAIN_SELF = YES;
				CLANG_WARN_OBJC_LITERAL_CONVERSION = YES;
				CLANG_WARN_OBJC_ROOT_CLASS = YES_ERROR;
				CLANG_WARN_QUOTED_INCLUDE_IN_FRAMEWORK_HEADER = YES;
				CLANG_WARN_RANGE_LOOP_ANALYSIS = YES;
				CLANG_WARN_STRICT_PROTOTYPES = YES;
				CLANG_WARN_SUSPICIOUS_MOVE = YES;
				CLANG_WARN_UNGUARDED_AVAILABILITY = YES_AGGRESSIVE;
				CLANG_WARN_UNREACHABLE_CODE = YES;
				CLANG_WARN__DUPLICATE_METHOD_MATCH = YES;
				COPY_PHASE_STRIP = NO;
				DEBUG_INFORMATION_FORMAT = dwarf;
				ENABLE_STRICT_OBJC_MSGSEND = YES;
				ENABLE_TESTABILITY = YES;
				ENABLE_USER_SCRIPT_SANDBOXING = YES;
				GCC_C_LANGUAGE_STANDARD = gnu17;
				GCC_DYNAMIC_NO_PIC = NO;
				GCC_NO_COMMON_BLOCKS = YES;
				GCC_OPTIMIZATION_LEVEL = 0;
				GCC_PREPROCESSOR_DEFINITIONS = (
					"DEBUG=1",
					"$(inherited)",
				);
				GCC_WARN_64_TO_32_BIT_CONVERSION = YES;
				GCC_WARN_ABOUT_RETURN_TYPE = YES_ERROR;
				GCC_WARN_UNDECLARED_SELECTOR = YES;
				GCC_WARN_UNINITIALIZED_AUTOS = YES_AGGRESSIVE;
				GCC_WARN_UNUSED_FUNCTION = YES;
				GCC_WARN_UNUSED_VARIABLE = YES;
				IPHONEOS_DEPLOYMENT_TARGET = 17.0;
				LOCALIZATION_PREFERS_STRING_CATALOGS = YES;
				MTL_ENABLE_DEBUG_INFO = INCLUDE_SOURCE;
				MTL_FAST_MATH = YES;
				ONLY_ACTIVE_ARCH = YES;
				SDKROOT = iphoneos;
				SWIFT_ACTIVE_COMPILATION_CONDITIONS = "DEBUG $(inherited)";
				SWIFT_OPTIMIZATION_LEVEL = "-Onone";
			};
			name = Debug;
		};
		BB7DCDF22B0C536900D70D3E /* Release */ = {
			isa = XCBuildConfiguration;
			buildSettings = {
				ALWAYS_SEARCH_USER_PATHS = NO;
				ASSETCATALOG_COMPILER_GENERATE_SWIFT_ASSET_SYMBOL_EXTENSIONS = YES;
				CLANG_ANALYZER_NONNULL = YES;
				CLANG_ANALYZER_NUMBER_OBJECT_CONVERSION = YES_AGGRESSIVE;
				CLANG_CXX_LANGUAGE_STANDARD = "gnu++20";
				CLANG_ENABLE_MODULES = YES;
				CLANG_ENABLE_OBJC_ARC = YES;
				CLANG_ENABLE_OBJC_WEAK = YES;
				CLANG_WARN_BLOCK_CAPTURE_AUTORELEASING = YES;
				CLANG_WARN_BOOL_CONVERSION = YES;
				CLANG_WARN_COMMA = YES;
				CLANG_WARN_CONSTANT_CONVERSION = YES;
				CLANG_WARN_DEPRECATED_OBJC_IMPLEMENTATIONS = YES;
				CLANG_WARN_DIRECT_OBJC_ISA_USAGE = YES_ERROR;
				CLANG_WARN_DOCUMENTATION_COMMENTS = YES;
				CLANG_WARN_EMPTY_BODY = YES;
				CLANG_WARN_ENUM_CONVERSION = YES;
				CLANG_WARN_INFINITE_RECURSION = YES;
				CLANG_WARN_INT_CONVERSION = YES;
				CLANG_WARN_NON_LITERAL_NULL_CONVERSION = YES;
				CLANG_WARN_OBJC_IMPLICIT_RETAIN_SELF = YES;
				CLANG_WARN_OBJC_LITERAL_CONVERSION = YES;
				CLANG_WARN_OBJC_ROOT_CLASS = YES_ERROR;
				CLANG_WARN_QUOTED_INCLUDE_IN_FRAMEWORK_HEADER = YES;
				CLANG_WARN_RANGE_LOOP_ANALYSIS = YES;
				CLANG_WARN_STRICT_PROTOTYPES = YES;
				CLANG_WARN_SUSPICIOUS_MOVE = YES;
				CLANG_WARN_UNGUARDED_AVAILABILITY = YES_AGGRESSIVE;
				CLANG_WARN_UNREACHABLE_CODE = YES;
				CLANG_WARN__DUPLICATE_METHOD_MATCH = YES;
				COPY_PHASE_STRIP = NO;
				DEBUG_INFORMATION_FORMAT = "dwarf-with-dsym";
				ENABLE_NS_ASSERTIONS = NO;
				ENABLE_STRICT_OBJC_MSGSEND = YES;
				ENABLE_USER_SCRIPT_SANDBOXING = YES;
				GCC_C_LANGUAGE_STANDARD = gnu17;
				GCC_NO_COMMON_BLOCKS = YES;
				GCC_WARN_64_TO_32_BIT_CONVERSION = YES;
				GCC_WARN_ABOUT_RETURN_TYPE = YES_ERROR;
				GCC_WARN_UNDECLARED_SELECTOR = YES;
				GCC_WARN_UNINITIALIZED_AUTOS = YES_AGGRESSIVE;
				GCC_WARN_UNUSED_FUNCTION = YES;
				GCC_WARN_UNUSED_VARIABLE = YES;
				IPHONEOS_DEPLOYMENT_TARGET = 17.0;
				LOCALIZATION_PREFERS_STRING_CATALOGS = YES;
				MTL_ENABLE_DEBUG_INFO = NO;
				MTL_FAST_MATH = YES;
				SDKROOT = iphoneos;
				SWIFT_COMPILATION_MODE = wholemodule;
				VALIDATE_PRODUCT = YES;
			};
			name = Release;
		};
		BB7DCDF42B0C536900D70D3E /* Debug */ = {
			isa = XCBuildConfiguration;
			buildSettings = {
				ASSETCATALOG_COMPILER_APPICON_NAME = AppIcon;
				ASSETCATALOG_COMPILER_GLOBAL_ACCENT_COLOR_NAME = AccentColor;
				CODE_SIGN_STYLE = Automatic;
				CURRENT_PROJECT_VERSION = 1;
				DEVELOPMENT_ASSET_PATHS = "\"Planets/Preview Content\"";
				DEVELOPMENT_TEAM = FVEGF5DQ7U;
				ENABLE_PREVIEWS = YES;
				GENERATE_INFOPLIST_FILE = YES;
				INFOPLIST_KEY_UIApplicationSceneManifest_Generation = YES;
				INFOPLIST_KEY_UIApplicationSupportsIndirectInputEvents = YES;
				INFOPLIST_KEY_UILaunchScreen_Generation = YES;
				INFOPLIST_KEY_UISupportedInterfaceOrientations_iPad = "UIInterfaceOrientationPortrait UIInterfaceOrientationPortraitUpsideDown UIInterfaceOrientationLandscapeLeft UIInterfaceOrientationLandscapeRight";
				INFOPLIST_KEY_UISupportedInterfaceOrientations_iPhone = "UIInterfaceOrientationPortrait UIInterfaceOrientationLandscapeLeft UIInterfaceOrientationLandscapeRight";
				LD_RUNPATH_SEARCH_PATHS = (
					"$(inherited)",
					"@executable_path/Frameworks",
				);
				MARKETING_VERSION = 1.0;
				PRODUCT_BUNDLE_IDENTIFIER = sugurutokuda.Planets;
				PRODUCT_NAME = "$(TARGET_NAME)";
				SWIFT_EMIT_LOC_STRINGS = YES;
				SWIFT_VERSION = 5.0;
				TARGETED_DEVICE_FAMILY = "1,2";
			};
			name = Debug;
		};
		BB7DCDF52B0C536900D70D3E /* Release */ = {
			isa = XCBuildConfiguration;
			buildSettings = {
				ASSETCATALOG_COMPILER_APPICON_NAME = AppIcon;
				ASSETCATALOG_COMPILER_GLOBAL_ACCENT_COLOR_NAME = AccentColor;
				CODE_SIGN_STYLE = Automatic;
				CURRENT_PROJECT_VERSION = 1;
				DEVELOPMENT_ASSET_PATHS = "\"Planets/Preview Content\"";
				DEVELOPMENT_TEAM = FVEGF5DQ7U;
				ENABLE_PREVIEWS = YES;
				GENERATE_INFOPLIST_FILE = YES;
				INFOPLIST_KEY_UIApplicationSceneManifest_Generation = YES;
				INFOPLIST_KEY_UIApplicationSupportsIndirectInputEvents = YES;
				INFOPLIST_KEY_UILaunchScreen_Generation = YES;
				INFOPLIST_KEY_UISupportedInterfaceOrientations_iPad = "UIInterfaceOrientationPortrait UIInterfaceOrientationPortraitUpsideDown UIInterfaceOrientationLandscapeLeft UIInterfaceOrientationLandscapeRight";
				INFOPLIST_KEY_UISupportedInterfaceOrientations_iPhone = "UIInterfaceOrientationPortrait UIInterfaceOrientationLandscapeLeft UIInterfaceOrientationLandscapeRight";
				LD_RUNPATH_SEARCH_PATHS = (
					"$(inherited)",
					"@executable_path/Frameworks",
				);
				MARKETING_VERSION = 1.0;
				PRODUCT_BUNDLE_IDENTIFIER = sugurutokuda.Planets;
				PRODUCT_NAME = "$(TARGET_NAME)";
				SWIFT_EMIT_LOC_STRINGS = YES;
				SWIFT_VERSION = 5.0;
				TARGETED_DEVICE_FAMILY = "1,2";
			};
			name = Release;
		};
		BB7DCE292B0C57F200D70D3E /* Debug */ = {
			isa = XCBuildConfiguration;
			buildSettings = {
				BUNDLE_LOADER = "$(TEST_HOST)";
				CODE_SIGN_STYLE = Automatic;
				CURRENT_PROJECT_VERSION = 1;
				DEVELOPMENT_TEAM = FVEGF5DQ7U;
				GENERATE_INFOPLIST_FILE = YES;
				MARKETING_VERSION = 1.0;
				PRODUCT_BUNDLE_IDENTIFIER = sugurutokuda.PlanetsTests;
				PRODUCT_NAME = "$(TARGET_NAME)";
				SWIFT_EMIT_LOC_STRINGS = NO;
				SWIFT_VERSION = 5.0;
				TARGETED_DEVICE_FAMILY = "1,2";
				TEST_HOST = "$(BUILT_PRODUCTS_DIR)/Planets.app/$(BUNDLE_EXECUTABLE_FOLDER_PATH)/Planets";
			};
			name = Debug;
		};
		BB7DCE2A2B0C57F200D70D3E /* Release */ = {
			isa = XCBuildConfiguration;
			buildSettings = {
				BUNDLE_LOADER = "$(TEST_HOST)";
				CODE_SIGN_STYLE = Automatic;
				CURRENT_PROJECT_VERSION = 1;
				DEVELOPMENT_TEAM = FVEGF5DQ7U;
				GENERATE_INFOPLIST_FILE = YES;
				MARKETING_VERSION = 1.0;
				PRODUCT_BUNDLE_IDENTIFIER = sugurutokuda.PlanetsTests;
				PRODUCT_NAME = "$(TARGET_NAME)";
				SWIFT_EMIT_LOC_STRINGS = NO;
				SWIFT_VERSION = 5.0;
				TARGETED_DEVICE_FAMILY = "1,2";
				TEST_HOST = "$(BUILT_PRODUCTS_DIR)/Planets.app/$(BUNDLE_EXECUTABLE_FOLDER_PATH)/Planets";
			};
			name = Release;
		};
/* End XCBuildConfiguration section */

/* Begin XCConfigurationList section */
		BB7DCDE02B0C536800D70D3E /* Build configuration list for PBXProject "Planets" */ = {
			isa = XCConfigurationList;
			buildConfigurations = (
				BB7DCDF12B0C536900D70D3E /* Debug */,
				BB7DCDF22B0C536900D70D3E /* Release */,
			);
			defaultConfigurationIsVisible = 0;
			defaultConfigurationName = Release;
		};
		BB7DCDF32B0C536900D70D3E /* Build configuration list for PBXNativeTarget "Planets" */ = {
			isa = XCConfigurationList;
			buildConfigurations = (
				BB7DCDF42B0C536900D70D3E /* Debug */,
				BB7DCDF52B0C536900D70D3E /* Release */,
			);
			defaultConfigurationIsVisible = 0;
			defaultConfigurationName = Release;
		};
		BB7DCE282B0C57F200D70D3E /* Build configuration list for PBXNativeTarget "PlanetsTests" */ = {
			isa = XCConfigurationList;
			buildConfigurations = (
				BB7DCE292B0C57F200D70D3E /* Debug */,
				BB7DCE2A2B0C57F200D70D3E /* Release */,
			);
			defaultConfigurationIsVisible = 0;
			defaultConfigurationName = Release;
		};
/* End XCConfigurationList section */
	};
	rootObject = BB7DCDDD2B0C536800D70D3E /* Project object */;
}
